// !$*UTF8*$!
{
	archiveVersion = 1;
	classes = {
	};
	objectVersion = 50;
	objects = {

/* Begin PBXBuildFile section */
		1BA82696248E682F00E84781 /* Assets.xcassets in Resources */ = {isa = PBXBuildFile; fileRef = 1BA8268C248E682F00E84781 /* Assets.xcassets */; };
		1BA82698248E682F00E84781 /* AppDelegate.swift in Sources */ = {isa = PBXBuildFile; fileRef = 1BA8268F248E682F00E84781 /* AppDelegate.swift */; };
		1BA82699248E682F00E84781 /* ViewController.swift in Sources */ = {isa = PBXBuildFile; fileRef = 1BA82690248E682F00E84781 /* ViewController.swift */; };
		1BA8269A248E682F00E84781 /* LaunchScreen.storyboard in Resources */ = {isa = PBXBuildFile; fileRef = 1BA82692248E682F00E84781 /* LaunchScreen.storyboard */; };
		1BA8269B248E682F00E84781 /* Main.storyboard in Resources */ = {isa = PBXBuildFile; fileRef = 1BA82694248E682F00E84781 /* Main.storyboard */; };
		1BE91D2124937C6700E7FEE3 /* BKMExpressSDK.framework in Frameworks */ = {isa = PBXBuildFile; fileRef = 1B3AB5A0248E6DBA007250BD /* BKMExpressSDK.framework */; };
		1BE91D2224937C6700E7FEE3 /* BKMExpressSDK.framework in Embed Frameworks */ = {isa = PBXBuildFile; fileRef = 1B3AB5A0248E6DBA007250BD /* BKMExpressSDK.framework */; settings = {ATTRIBUTES = (CodeSignOnCopy, RemoveHeadersOnCopy, ); }; };
/* End PBXBuildFile section */

/* Begin PBXCopyFilesBuildPhase section */
		1BE91D2324937C6700E7FEE3 /* Embed Frameworks */ = {
			isa = PBXCopyFilesBuildPhase;
			buildActionMask = 2147483647;
			dstPath = "";
			dstSubfolderSpec = 10;
			files = (
				1BE91D2224937C6700E7FEE3 /* BKMExpressSDK.framework in Embed Frameworks */,
			);
			name = "Embed Frameworks";
			runOnlyForDeploymentPostprocessing = 0;
		};
/* End PBXCopyFilesBuildPhase section */

/* Begin PBXFileReference section */
		1B3AB5A0248E6DBA007250BD /* BKMExpressSDK.framework */ = {isa = PBXFileReference; lastKnownFileType = wrapper.framework; name = BKMExpressSDK.framework; path = ../BKMExpressSDK.framework; sourceTree = "<group>"; };
		1BA82662248E67C900E84781 /* SDK_SWIFT_SAMPLE.app */ = {isa = PBXFileReference; explicitFileType = wrapper.application; includeInIndex = 0; path = SDK_SWIFT_SAMPLE.app; sourceTree = BUILT_PRODUCTS_DIR; };
		1BA8268C248E682F00E84781 /* Assets.xcassets */ = {isa = PBXFileReference; lastKnownFileType = folder.assetcatalog; path = Assets.xcassets; sourceTree = "<group>"; };
		1BA8268D248E682F00E84781 /* Info.plist */ = {isa = PBXFileReference; fileEncoding = 4; lastKnownFileType = text.plist.xml; path = Info.plist; sourceTree = "<group>"; };
		1BA8268E248E682F00E84781 /* BKM-Bridging-Header.h */ = {isa = PBXFileReference; fileEncoding = 4; lastKnownFileType = sourcecode.c.h; path = "BKM-Bridging-Header.h"; sourceTree = "<group>"; };
		1BA8268F248E682F00E84781 /* AppDelegate.swift */ = {isa = PBXFileReference; fileEncoding = 4; lastKnownFileType = sourcecode.swift; path = AppDelegate.swift; sourceTree = "<group>"; };
		1BA82690248E682F00E84781 /* ViewController.swift */ = {isa = PBXFileReference; fileEncoding = 4; lastKnownFileType = sourcecode.swift; path = ViewController.swift; sourceTree = "<group>"; };
		1BA82693248E682F00E84781 /* Base */ = {isa = PBXFileReference; lastKnownFileType = file.storyboard; name = Base; path = LaunchScreen.storyboard; sourceTree = "<group>"; };
		1BA82695248E682F00E84781 /* Base */ = {isa = PBXFileReference; lastKnownFileType = file.storyboard; name = Base; path = Main.storyboard; sourceTree = "<group>"; };
/* End PBXFileReference section */

/* Begin PBXFrameworksBuildPhase section */
		1BA8265F248E67C900E84781 /* Frameworks */ = {
			isa = PBXFrameworksBuildPhase;
			buildActionMask = 2147483647;
			files = (
				1BE91D2124937C6700E7FEE3 /* BKMExpressSDK.framework in Frameworks */,
			);
			runOnlyForDeploymentPostprocessing = 0;
		};
/* End PBXFrameworksBuildPhase section */

/* Begin PBXGroup section */
		1BA82659248E67C900E84781 = {
			isa = PBXGroup;
			children = (
				1BA82664248E67C900E84781 /* SDK_SWIFT_SAMPLE */,
				1BA82663248E67C900E84781 /* Products */,
				1BA8269C248E68A500E84781 /* Frameworks */,
			);
			sourceTree = "<group>";
		};
		1BA82663248E67C900E84781 /* Products */ = {
			isa = PBXGroup;
			children = (
				1BA82662248E67C900E84781 /* SDK_SWIFT_SAMPLE.app */,
			);
			name = Products;
			sourceTree = "<group>";
		};
		1BA82664248E67C900E84781 /* SDK_SWIFT_SAMPLE */ = {
			isa = PBXGroup;
			children = (
				1BA8268F248E682F00E84781 /* AppDelegate.swift */,
				1BA8268C248E682F00E84781 /* Assets.xcassets */,
				1BA82691248E682F00E84781 /* Base.lproj */,
				1BA8268E248E682F00E84781 /* BKM-Bridging-Header.h */,
				1BA8268D248E682F00E84781 /* Info.plist */,
				1BA82690248E682F00E84781 /* ViewController.swift */,
			);
			path = SDK_SWIFT_SAMPLE;
			sourceTree = "<group>";
		};
		1BA82691248E682F00E84781 /* Base.lproj */ = {
			isa = PBXGroup;
			children = (
				1BA82692248E682F00E84781 /* LaunchScreen.storyboard */,
				1BA82694248E682F00E84781 /* Main.storyboard */,
			);
			path = Base.lproj;
			sourceTree = "<group>";
		};
		1BA8269C248E68A500E84781 /* Frameworks */ = {
			isa = PBXGroup;
			children = (
				1B3AB5A0248E6DBA007250BD /* BKMExpressSDK.framework */,
			);
			name = Frameworks;
			sourceTree = "<group>";
		};
/* End PBXGroup section */

/* Begin PBXNativeTarget section */
		1BA82661248E67C900E84781 /* SDK_SWIFT_SAMPLE */ = {
			isa = PBXNativeTarget;
			buildConfigurationList = 1BA82676248E67CA00E84781 /* Build configuration list for PBXNativeTarget "SDK_SWIFT_SAMPLE" */;
			buildPhases = (
				1BA8265E248E67C900E84781 /* Sources */,
				1BA8265F248E67C900E84781 /* Frameworks */,
				1BA82660248E67C900E84781 /* Resources */,
				1BE91D2324937C6700E7FEE3 /* Embed Frameworks */,
			);
			buildRules = (
			);
			dependencies = (
			);
			name = SDK_SWIFT_SAMPLE;
			productName = SDK_SWIFT_SAMPLE;
			productReference = 1BA82662248E67C900E84781 /* SDK_SWIFT_SAMPLE.app */;
			productType = "com.apple.product-type.application";
		};
/* End PBXNativeTarget section */

/* Begin PBXProject section */
		1BA8265A248E67C900E84781 /* Project object */ = {
			isa = PBXProject;
			attributes = {
				LastSwiftUpdateCheck = 1150;
				LastUpgradeCheck = 1150;
				ORGANIZATIONNAME = "BEX IOS SDK";
				TargetAttributes = {
					1BA82661248E67C900E84781 = {
						CreatedOnToolsVersion = 11.5;
						LastSwiftMigration = 1150;
					};
				};
			};
			buildConfigurationList = 1BA8265D248E67C900E84781 /* Build configuration list for PBXProject "SDK_SWIFT_SAMPLE" */;
			compatibilityVersion = "Xcode 9.3";
			developmentRegion = en;
			hasScannedForEncodings = 0;
			knownRegions = (
				en,
				Base,
			);
			mainGroup = 1BA82659248E67C900E84781;
			productRefGroup = 1BA82663248E67C900E84781 /* Products */;
			projectDirPath = "";
			projectRoot = "";
			targets = (
				1BA82661248E67C900E84781 /* SDK_SWIFT_SAMPLE */,
			);
		};
/* End PBXProject section */

/* Begin PBXResourcesBuildPhase section */
		1BA82660248E67C900E84781 /* Resources */ = {
			isa = PBXResourcesBuildPhase;
			buildActionMask = 2147483647;
			files = (
				1BA8269A248E682F00E84781 /* LaunchScreen.storyboard in Resources */,
				1BA82696248E682F00E84781 /* Assets.xcassets in Resources */,
				1BA8269B248E682F00E84781 /* Main.storyboard in Resources */,
			);
			runOnlyForDeploymentPostprocessing = 0;
		};
/* End PBXResourcesBuildPhase section */

/* Begin PBXSourcesBuildPhase section */
		1BA8265E248E67C900E84781 /* Sources */ = {
			isa = PBXSourcesBuildPhase;
			buildActionMask = 2147483647;
			files = (
				1BA82699248E682F00E84781 /* ViewController.swift in Sources */,
				1BA82698248E682F00E84781 /* AppDelegate.swift in Sources */,
			);
			runOnlyForDeploymentPostprocessing = 0;
		};
/* End PBXSourcesBuildPhase section */

/* Begin PBXVariantGroup section */
		1BA82692248E682F00E84781 /* LaunchScreen.storyboard */ = {
			isa = PBXVariantGroup;
			children = (
				1BA82693248E682F00E84781 /* Base */,
			);
			name = LaunchScreen.storyboard;
			sourceTree = "<group>";
		};
		1BA82694248E682F00E84781 /* Main.storyboard */ = {
			isa = PBXVariantGroup;
			children = (
				1BA82695248E682F00E84781 /* Base */,
			);
			name = Main.storyboard;
			sourceTree = "<group>";
		};
/* End PBXVariantGroup section */

/* Begin XCBuildConfiguration section */
		1BA82674248E67CA00E84781 /* Debug */ = {
			isa = XCBuildConfiguration;
			buildSettings = {
				ALWAYS_SEARCH_USER_PATHS = NO;
				CLANG_ANALYZER_NONNULL = YES;
				CLANG_ANALYZER_NUMBER_OBJECT_CONVERSION = YES_AGGRESSIVE;
				CLANG_CXX_LANGUAGE_STANDARD = "gnu++14";
				CLANG_CXX_LIBRARY = "libc++";
				CLANG_ENABLE_MODULES = YES;
				CLANG_ENABLE_OBJC_ARC = YES;
				CLANG_ENABLE_OBJC_WEAK = YES;
				CLANG_WARN_BLOCK_CAPTURE_AUTORELEASING = YES;
				CLANG_WARN_BOOL_CONVERSION = YES;
				CLANG_WARN_COMMA = YES;
				CLANG_WARN_CONSTANT_CONVERSION = YES;
				CLANG_WARN_DEPRECATED_OBJC_IMPLEMENTATIONS = YES;
				CLANG_WARN_DIRECT_OBJC_ISA_USAGE = YES_ERROR;
				CLANG_WARN_DOCUMENTATION_COMMENTS = YES;
				CLANG_WARN_EMPTY_BODY = YES;
				CLANG_WARN_ENUM_CONVERSION = YES;
				CLANG_WARN_INFINITE_RECURSION = YES;
				CLANG_WARN_INT_CONVERSION = YES;
				CLANG_WARN_NON_LITERAL_NULL_CONVERSION = YES;
				CLANG_WARN_OBJC_IMPLICIT_RETAIN_SELF = YES;
				CLANG_WARN_OBJC_LITERAL_CONVERSION = YES;
				CLANG_WARN_OBJC_ROOT_CLASS = YES_ERROR;
				CLANG_WARN_RANGE_LOOP_ANALYSIS = YES;
				CLANG_WARN_STRICT_PROTOTYPES = YES;
				CLANG_WARN_SUSPICIOUS_MOVE = YES;
				CLANG_WARN_UNGUARDED_AVAILABILITY = YES_AGGRESSIVE;
				CLANG_WARN_UNREACHABLE_CODE = YES;
				CLANG_WARN__DUPLICATE_METHOD_MATCH = YES;
				COPY_PHASE_STRIP = NO;
				DEBUG_INFORMATION_FORMAT = dwarf;
				ENABLE_STRICT_OBJC_MSGSEND = YES;
				ENABLE_TESTABILITY = YES;
				GCC_C_LANGUAGE_STANDARD = gnu11;
				GCC_DYNAMIC_NO_PIC = NO;
				GCC_NO_COMMON_BLOCKS = YES;
				GCC_OPTIMIZATION_LEVEL = 0;
				GCC_PREPROCESSOR_DEFINITIONS = (
					"DEBUG=1",
					"$(inherited)",
				);
				GCC_WARN_64_TO_32_BIT_CONVERSION = YES;
				GCC_WARN_ABOUT_RETURN_TYPE = YES_ERROR;
				GCC_WARN_UNDECLARED_SELECTOR = YES;
				GCC_WARN_UNINITIALIZED_AUTOS = YES_AGGRESSIVE;
				GCC_WARN_UNUSED_FUNCTION = YES;
				GCC_WARN_UNUSED_VARIABLE = YES;
				IPHONEOS_DEPLOYMENT_TARGET = 10.1;
				MTL_ENABLE_DEBUG_INFO = INCLUDE_SOURCE;
				MTL_FAST_MATH = YES;
				ONLY_ACTIVE_ARCH = YES;
				SDKROOT = iphoneos;
				SWIFT_ACTIVE_COMPILATION_CONDITIONS = DEBUG;
				SWIFT_OPTIMIZATION_LEVEL = "-Onone";
			};
			name = Debug;
		};
		1BA82675248E67CA00E84781 /* Release */ = {
			isa = XCBuildConfiguration;
			buildSettings = {
				ALWAYS_SEARCH_USER_PATHS = NO;
				CLANG_ANALYZER_NONNULL = YES;
				CLANG_ANALYZER_NUMBER_OBJECT_CONVERSION = YES_AGGRESSIVE;
				CLANG_CXX_LANGUAGE_STANDARD = "gnu++14";
				CLANG_CXX_LIBRARY = "libc++";
				CLANG_ENABLE_MODULES = YES;
				CLANG_ENABLE_OBJC_ARC = YES;
				CLANG_ENABLE_OBJC_WEAK = YES;
				CLANG_WARN_BLOCK_CAPTURE_AUTORELEASING = YES;
				CLANG_WARN_BOOL_CONVERSION = YES;
				CLANG_WARN_COMMA = YES;
				CLANG_WARN_CONSTANT_CONVERSION = YES;
				CLANG_WARN_DEPRECATED_OBJC_IMPLEMENTATIONS = YES;
				CLANG_WARN_DIRECT_OBJC_ISA_USAGE = YES_ERROR;
				CLANG_WARN_DOCUMENTATION_COMMENTS = YES;
				CLANG_WARN_EMPTY_BODY = YES;
				CLANG_WARN_ENUM_CONVERSION = YES;
				CLANG_WARN_INFINITE_RECURSION = YES;
				CLANG_WARN_INT_CONVERSION = YES;
				CLANG_WARN_NON_LITERAL_NULL_CONVERSION = YES;
				CLANG_WARN_OBJC_IMPLICIT_RETAIN_SELF = YES;
				CLANG_WARN_OBJC_LITERAL_CONVERSION = YES;
				CLANG_WARN_OBJC_ROOT_CLASS = YES_ERROR;
				CLANG_WARN_RANGE_LOOP_ANALYSIS = YES;
				CLANG_WARN_STRICT_PROTOTYPES = YES;
				CLANG_WARN_SUSPICIOUS_MOVE = YES;
				CLANG_WARN_UNGUARDED_AVAILABILITY = YES_AGGRESSIVE;
				CLANG_WARN_UNREACHABLE_CODE = YES;
				CLANG_WARN__DUPLICATE_METHOD_MATCH = YES;
				COPY_PHASE_STRIP = NO;
				DEBUG_INFORMATION_FORMAT = "dwarf-with-dsym";
				ENABLE_NS_ASSERTIONS = NO;
				ENABLE_STRICT_OBJC_MSGSEND = YES;
				GCC_C_LANGUAGE_STANDARD = gnu11;
				GCC_NO_COMMON_BLOCKS = YES;
				GCC_WARN_64_TO_32_BIT_CONVERSION = YES;
				GCC_WARN_ABOUT_RETURN_TYPE = YES_ERROR;
				GCC_WARN_UNDECLARED_SELECTOR = YES;
				GCC_WARN_UNINITIALIZED_AUTOS = YES_AGGRESSIVE;
				GCC_WARN_UNUSED_FUNCTION = YES;
				GCC_WARN_UNUSED_VARIABLE = YES;
				IPHONEOS_DEPLOYMENT_TARGET = 10.1;
				MTL_ENABLE_DEBUG_INFO = NO;
				MTL_FAST_MATH = YES;
				SDKROOT = iphoneos;
				SWIFT_COMPILATION_MODE = wholemodule;
				SWIFT_OPTIMIZATION_LEVEL = "-O";
				VALIDATE_PRODUCT = YES;
			};
			name = Release;
		};
		1BA82677248E67CA00E84781 /* Debug */ = {
			isa = XCBuildConfiguration;
			buildSettings = {
				ASSETCATALOG_COMPILER_APPICON_NAME = AppIcon;
				CLANG_ENABLE_MODULES = YES;
				CODE_SIGN_STYLE = Automatic;
				DEVELOPMENT_TEAM = 92RWFFQNR9;
				FRAMEWORK_SEARCH_PATHS = (
					"$(inherited)",
					"$(PROJECT_DIR)",
					"$(PROJECT_DIR)/..",
				);
				GCC_NO_COMMON_BLOCKS = YES;
				INFOPLIST_FILE = SDK_SWIFT_SAMPLE/Info.plist;
				IPHONEOS_DEPLOYMENT_TARGET = 10.1;
				LD_RUNPATH_SEARCH_PATHS = (
					"$(inherited)",
					"@executable_path/Frameworks",
				);
				PRODUCT_BUNDLE_IDENTIFIER = "BKM.SDK-SWIFT-SAMPLE";
				PRODUCT_NAME = "$(TARGET_NAME)";
				SWIFT_OBJC_BRIDGING_HEADER = "SDK_SWIFT_SAMPLE/BKM-Bridging-Header.h";
				SWIFT_OPTIMIZATION_LEVEL = "-Onone";
				SWIFT_VERSION = 5.0;
				TARGETED_DEVICE_FAMILY = 1;
			};
			name = Debug;
		};
		1BA82678248E67CA00E84781 /* Release */ = {
			isa = XCBuildConfiguration;
			buildSettings = {
				ASSETCATALOG_COMPILER_APPICON_NAME = AppIcon;
				CLANG_ENABLE_MODULES = YES;
				CODE_SIGN_STYLE = Automatic;
				DEVELOPMENT_TEAM = 92RWFFQNR9;
				FRAMEWORK_SEARCH_PATHS = (
					"$(inherited)",
					"$(PROJECT_DIR)",
					"$(PROJECT_DIR)/..",
				);
				GCC_NO_COMMON_BLOCKS = YES;
				INFOPLIST_FILE = SDK_SWIFT_SAMPLE/Info.plist;
				IPHONEOS_DEPLOYMENT_TARGET = 10.1;
				LD_RUNPATH_SEARCH_PATHS = (
					"$(inherited)",
					"@executable_path/Frameworks",
				);
				PRODUCT_BUNDLE_IDENTIFIER = "BKM.SDK-SWIFT-SAMPLE";
				PRODUCT_NAME = "$(TARGET_NAME)";
				SWIFT_OBJC_BRIDGING_HEADER = "SDK_SWIFT_SAMPLE/BKM-Bridging-Header.h";
				SWIFT_VERSION = 5.0;
				TARGETED_DEVICE_FAMILY = 1;
			};
			name = Release;
		};
/* End XCBuildConfiguration section */

/* Begin XCConfigurationList section */
		1BA8265D248E67C900E84781 /* Build configuration list for PBXProject "SDK_SWIFT_SAMPLE" */ = {
			isa = XCConfigurationList;
			buildConfigurations = (
				1BA82674248E67CA00E84781 /* Debug */,
				1BA82675248E67CA00E84781 /* Release */,
			);
			defaultConfigurationIsVisible = 0;
			defaultConfigurationName = Release;
		};
		1BA82676248E67CA00E84781 /* Build configuration list for PBXNativeTarget "SDK_SWIFT_SAMPLE" */ = {
			isa = XCConfigurationList;
			buildConfigurations = (
				1BA82677248E67CA00E84781 /* Debug */,
				1BA82678248E67CA00E84781 /* Release */,
			);
			defaultConfigurationIsVisible = 0;
			defaultConfigurationName = Release;
		};
/* End XCConfigurationList section */
	};
	rootObject = 1BA8265A248E67C900E84781 /* Project object */;
}
