// !$*UTF8*$!
{
	archiveVersion = 1;
	classes = {
	};
	objectVersion = 46;
	objects = {

/* Begin PBXBuildFile section */
		B756D2021DB1077200733354 /* main.m in Sources */ = {isa = PBXBuildFile; fileRef = B756D2011DB1077200733354 /* main.m */; };
		B756D2051DB1077200733354 /* AppDelegate.m in Sources */ = {isa = PBXBuildFile; fileRef = B756D2041DB1077200733354 /* AppDelegate.m */; };
		B756D2081DB1077200733354 /* ViewController.m in Sources */ = {isa = PBXBuildFile; fileRef = B756D2071DB1077200733354 /* ViewController.m */; };
		B756D20B1DB1077200733354 /* Main.storyboard in Resources */ = {isa = PBXBuildFile; fileRef = B756D2091DB1077200733354 /* Main.storyboard */; };
		B756D20D1DB1077200733354 /* Assets.xcassets in Resources */ = {isa = PBXBuildFile; fileRef = B756D20C1DB1077200733354 /* Assets.xcassets */; };
		B756D2101DB1077200733354 /* LaunchScreen.storyboard in Resources */ = {isa = PBXBuildFile; fileRef = B756D20E1DB1077200733354 /* LaunchScreen.storyboard */; };
		B756D21E1DB1086B00733354 /* BEX.bundle in Resources */ = {isa = PBXBuildFile; fileRef = B756D2191DB1086B00733354 /* BEX.bundle */; };
		B756D21F1DB1086B00733354 /* libBKMExpressSDK.a in Frameworks */ = {isa = PBXBuildFile; fileRef = B756D21D1DB1086B00733354 /* libBKMExpressSDK.a */; };
/* End PBXBuildFile section */

/* Begin PBXFileReference section */
		B756D1FD1DB1077200733354 /* SDKTestApp.app */ = {isa = PBXFileReference; explicitFileType = wrapper.application; includeInIndex = 0; path = SDKTestApp.app; sourceTree = BUILT_PRODUCTS_DIR; };
		B756D2011DB1077200733354 /* main.m */ = {isa = PBXFileReference; lastKnownFileType = sourcecode.c.objc; path = main.m; sourceTree = "<group>"; };
		B756D2031DB1077200733354 /* AppDelegate.h */ = {isa = PBXFileReference; lastKnownFileType = sourcecode.c.h; path = AppDelegate.h; sourceTree = "<group>"; };
		B756D2041DB1077200733354 /* AppDelegate.m */ = {isa = PBXFileReference; lastKnownFileType = sourcecode.c.objc; path = AppDelegate.m; sourceTree = "<group>"; };
		B756D2061DB1077200733354 /* ViewController.h */ = {isa = PBXFileReference; lastKnownFileType = sourcecode.c.h; path = ViewController.h; sourceTree = "<group>"; };
		B756D2071DB1077200733354 /* ViewController.m */ = {isa = PBXFileReference; lastKnownFileType = sourcecode.c.objc; path = ViewController.m; sourceTree = "<group>"; };
		B756D20A1DB1077200733354 /* Base */ = {isa = PBXFileReference; lastKnownFileType = file.storyboard; name = Base; path = Base.lproj/Main.storyboard; sourceTree = "<group>"; };
		B756D20C1DB1077200733354 /* Assets.xcassets */ = {isa = PBXFileReference; lastKnownFileType = folder.assetcatalog; path = Assets.xcassets; sourceTree = "<group>"; };
		B756D20F1DB1077200733354 /* Base */ = {isa = PBXFileReference; lastKnownFileType = file.storyboard; name = Base; path = Base.lproj/LaunchScreen.storyboard; sourceTree = "<group>"; };
		B756D2111DB1077200733354 /* Info.plist */ = {isa = PBXFileReference; lastKnownFileType = text.plist.xml; path = Info.plist; sourceTree = "<group>"; };
		B756D2191DB1086B00733354 /* BEX.bundle */ = {isa = PBXFileReference; lastKnownFileType = "wrapper.plug-in"; path = BEX.bundle; sourceTree = "<group>"; };
		B756D21B1DB1086B00733354 /* BKMExpressPairViewController.h */ = {isa = PBXFileReference; fileEncoding = 4; lastKnownFileType = sourcecode.c.h; path = BKMExpressPairViewController.h; sourceTree = "<group>"; };
		B756D21C1DB1086B00733354 /* BKMExpressPaymentViewController.h */ = {isa = PBXFileReference; fileEncoding = 4; lastKnownFileType = sourcecode.c.h; path = BKMExpressPaymentViewController.h; sourceTree = "<group>"; };
		B756D21D1DB1086B00733354 /* libBKMExpressSDK.a */ = {isa = PBXFileReference; lastKnownFileType = archive.ar; path = libBKMExpressSDK.a; sourceTree = "<group>"; };
/* End PBXFileReference section */

/* Begin PBXFrameworksBuildPhase section */
		B756D1FA1DB1077200733354 /* Frameworks */ = {
			isa = PBXFrameworksBuildPhase;
			buildActionMask = 2147483647;
			files = (
				B756D21F1DB1086B00733354 /* libBKMExpressSDK.a in Frameworks */,
			);
			runOnlyForDeploymentPostprocessing = 0;
		};
/* End PBXFrameworksBuildPhase section */

/* Begin PBXGroup section */
		B756D1F41DB1077200733354 = {
			isa = PBXGroup;
			children = (
				B756D1FF1DB1077200733354 /* SDKTestApp */,
				B756D1FE1DB1077200733354 /* Products */,
			);
			sourceTree = "<group>";
		};
		B756D1FE1DB1077200733354 /* Products */ = {
			isa = PBXGroup;
			children = (
				B756D1FD1DB1077200733354 /* SDKTestApp.app */,
			);
			name = Products;
			sourceTree = "<group>";
		};
		B756D1FF1DB1077200733354 /* SDKTestApp */ = {
			isa = PBXGroup;
			children = (
				B756D2171DB1086B00733354 /* ThirdParty */,
				B756D2031DB1077200733354 /* AppDelegate.h */,
				B756D2041DB1077200733354 /* AppDelegate.m */,
				B756D2061DB1077200733354 /* ViewController.h */,
				B756D2071DB1077200733354 /* ViewController.m */,
				B756D2091DB1077200733354 /* Main.storyboard */,
				B756D20C1DB1077200733354 /* Assets.xcassets */,
				B756D20E1DB1077200733354 /* LaunchScreen.storyboard */,
				B756D2111DB1077200733354 /* Info.plist */,
				B756D2001DB1077200733354 /* Supporting Files */,
			);
			path = SDKTestApp;
			sourceTree = "<group>";
		};
		B756D2001DB1077200733354 /* Supporting Files */ = {
			isa = PBXGroup;
			children = (
				B756D2011DB1077200733354 /* main.m */,
			);
			name = "Supporting Files";
			sourceTree = "<group>";
		};
		B756D2171DB1086B00733354 /* ThirdParty */ = {
			isa = PBXGroup;
			children = (
				B756D2181DB1086B00733354 /* BEX_SDK */,
			);
			path = ThirdParty;
			sourceTree = "<group>";
		};
		B756D2181DB1086B00733354 /* BEX_SDK */ = {
			isa = PBXGroup;
			children = (
				B756D2191DB1086B00733354 /* BEX.bundle */,
				B756D21A1DB1086B00733354 /* include */,
				B756D21D1DB1086B00733354 /* libBKMExpressSDK.a */,
			);
			path = BEX_SDK;
			sourceTree = "<group>";
		};
		B756D21A1DB1086B00733354 /* include */ = {
			isa = PBXGroup;
			children = (
				B756D21B1DB1086B00733354 /* BKMExpressPairViewController.h */,
				B756D21C1DB1086B00733354 /* BKMExpressPaymentViewController.h */,
			);
			path = include;
			sourceTree = "<group>";
		};
/* End PBXGroup section */

/* Begin PBXNativeTarget section */
		B756D1FC1DB1077200733354 /* SDKTestApp */ = {
			isa = PBXNativeTarget;
			buildConfigurationList = B756D2141DB1077200733354 /* Build configuration list for PBXNativeTarget "SDKTestApp" */;
			buildPhases = (
				B756D1F91DB1077200733354 /* Sources */,
				B756D1FA1DB1077200733354 /* Frameworks */,
				B756D1FB1DB1077200733354 /* Resources */,
			);
			buildRules = (
			);
			dependencies = (
			);
			name = SDKTestApp;
			productName = SDKTestApp;
			productReference = B756D1FD1DB1077200733354 /* SDKTestApp.app */;
			productType = "com.apple.product-type.application";
		};
/* End PBXNativeTarget section */

/* Begin PBXProject section */
		B756D1F51DB1077200733354 /* Project object */ = {
			isa = PBXProject;
			attributes = {
				LastUpgradeCheck = 0800;
				ORGANIZATIONNAME = "Kadir Guzel";
				TargetAttributes = {
					B756D1FC1DB1077200733354 = {
						CreatedOnToolsVersion = 8.0;
						DevelopmentTeam = 92RWFFQNR9;
						ProvisioningStyle = Automatic;
					};
				};
			};
			buildConfigurationList = B756D1F81DB1077200733354 /* Build configuration list for PBXProject "SDKTestApp" */;
			compatibilityVersion = "Xcode 3.2";
			developmentRegion = English;
			hasScannedForEncodings = 0;
			knownRegions = (
				en,
				Base,
			);
			mainGroup = B756D1F41DB1077200733354;
			productRefGroup = B756D1FE1DB1077200733354 /* Products */;
			projectDirPath = "";
			projectRoot = "";
			targets = (
				B756D1FC1DB1077200733354 /* SDKTestApp */,
			);
		};
/* End PBXProject section */

/* Begin PBXResourcesBuildPhase section */
		B756D1FB1DB1077200733354 /* Resources */ = {
			isa = PBXResourcesBuildPhase;
			buildActionMask = 2147483647;
			files = (
				B756D2101DB1077200733354 /* LaunchScreen.storyboard in Resources */,
				B756D21E1DB1086B00733354 /* BEX.bundle in Resources */,
				B756D20D1DB1077200733354 /* Assets.xcassets in Resources */,
				B756D20B1DB1077200733354 /* Main.storyboard in Resources */,
			);
			runOnlyForDeploymentPostprocessing = 0;
		};
/* End PBXResourcesBuildPhase section */

/* Begin PBXSourcesBuildPhase section */
		B756D1F91DB1077200733354 /* Sources */ = {
			isa = PBXSourcesBuildPhase;
			buildActionMask = 2147483647;
			files = (
				B756D2081DB1077200733354 /* ViewController.m in Sources */,
				B756D2051DB1077200733354 /* AppDelegate.m in Sources */,
				B756D2021DB1077200733354 /* main.m in Sources */,
			);
			runOnlyForDeploymentPostprocessing = 0;
		};
/* End PBXSourcesBuildPhase section */

/* Begin PBXVariantGroup section */
		B756D2091DB1077200733354 /* Main.storyboard */ = {
			isa = PBXVariantGroup;
			children = (
				B756D20A1DB1077200733354 /* Base */,
			);
			name = Main.storyboard;
			sourceTree = "<group>";
		};
		B756D20E1DB1077200733354 /* LaunchScreen.storyboard */ = {
			isa = PBXVariantGroup;
			children = (
				B756D20F1DB1077200733354 /* Base */,
			);
			name = LaunchScreen.storyboard;
			sourceTree = "<group>";
		};
/* End PBXVariantGroup section */

/* Begin XCBuildConfiguration section */
		B756D2121DB1077200733354 /* Debug */ = {
			isa = XCBuildConfiguration;
			buildSettings = {
				ALWAYS_SEARCH_USER_PATHS = NO;
				CLANG_ANALYZER_NONNULL = YES;
				CLANG_CXX_LANGUAGE_STANDARD = "gnu++0x";
				CLANG_CXX_LIBRARY = "libc++";
				CLANG_ENABLE_MODULES = YES;
				CLANG_ENABLE_OBJC_ARC = YES;
				CLANG_WARN_BOOL_CONVERSION = YES;
				CLANG_WARN_CONSTANT_CONVERSION = YES;
				CLANG_WARN_DIRECT_OBJC_ISA_USAGE = YES_ERROR;
				CLANG_WARN_DOCUMENTATION_COMMENTS = YES;
				CLANG_WARN_EMPTY_BODY = YES;
				CLANG_WARN_ENUM_CONVERSION = YES;
				CLANG_WARN_INFINITE_RECURSION = YES;
				CLANG_WARN_INT_CONVERSION = YES;
				CLANG_WARN_OBJC_ROOT_CLASS = YES_ERROR;
				CLANG_WARN_SUSPICIOUS_MOVES = YES;
				CLANG_WARN_UNREACHABLE_CODE = YES;
				CLANG_WARN__DUPLICATE_METHOD_MATCH = YES;
				"CODE_SIGN_IDENTITY[sdk=iphoneos*]" = "iPhone Developer";
				COPY_PHASE_STRIP = NO;
				DEBUG_INFORMATION_FORMAT = dwarf;
				ENABLE_STRICT_OBJC_MSGSEND = YES;
				ENABLE_TESTABILITY = YES;
				GCC_C_LANGUAGE_STANDARD = gnu99;
				GCC_DYNAMIC_NO_PIC = NO;
				GCC_NO_COMMON_BLOCKS = YES;
				GCC_OPTIMIZATION_LEVEL = 0;
				GCC_PREPROCESSOR_DEFINITIONS = (
					"DEBUG=1",
					"$(inherited)",
				);
				GCC_WARN_64_TO_32_BIT_CONVERSION = YES;
				GCC_WARN_ABOUT_RETURN_TYPE = YES_ERROR;
				GCC_WARN_UNDECLARED_SELECTOR = YES;
				GCC_WARN_UNINITIALIZED_AUTOS = YES_AGGRESSIVE;
				GCC_WARN_UNUSED_FUNCTION = YES;
				GCC_WARN_UNUSED_VARIABLE = YES;
				IPHONEOS_DEPLOYMENT_TARGET = 10.0;
				MTL_ENABLE_DEBUG_INFO = YES;
				ONLY_ACTIVE_ARCH = YES;
				SDKROOT = iphoneos;
				TARGETED_DEVICE_FAMILY = "1,2";
			};
			name = Debug;
		};
		B756D2131DB1077200733354 /* Release */ = {
			isa = XCBuildConfiguration;
			buildSettings = {
				ALWAYS_SEARCH_USER_PATHS = NO;
				CLANG_ANALYZER_NONNULL = YES;
				CLANG_CXX_LANGUAGE_STANDARD = "gnu++0x";
				CLANG_CXX_LIBRARY = "libc++";
				CLANG_ENABLE_MODULES = YES;
				CLANG_ENABLE_OBJC_ARC = YES;
				CLANG_WARN_BOOL_CONVERSION = YES;
				CLANG_WARN_CONSTANT_CONVERSION = YES;
				CLANG_WARN_DIRECT_OBJC_ISA_USAGE = YES_ERROR;
				CLANG_WARN_DOCUMENTATION_COMMENTS = YES;
				CLANG_WARN_EMPTY_BODY = YES;
				CLANG_WARN_ENUM_CONVERSION = YES;
				CLANG_WARN_INFINITE_RECURSION = YES;
				CLANG_WARN_INT_CONVERSION = YES;
				CLANG_WARN_OBJC_ROOT_CLASS = YES_ERROR;
				CLANG_WARN_SUSPICIOUS_MOVES = YES;
				CLANG_WARN_UNREACHABLE_CODE = YES;
				CLANG_WARN__DUPLICATE_METHOD_MATCH = YES;
				"CODE_SIGN_IDENTITY[sdk=iphoneos*]" = "iPhone Developer";
				COPY_PHASE_STRIP = NO;
				DEBUG_INFORMATION_FORMAT = "dwarf-with-dsym";
				ENABLE_NS_ASSERTIONS = NO;
				ENABLE_STRICT_OBJC_MSGSEND = YES;
				GCC_C_LANGUAGE_STANDARD = gnu99;
				GCC_NO_COMMON_BLOCKS = YES;
				GCC_WARN_64_TO_32_BIT_CONVERSION = YES;
				GCC_WARN_ABOUT_RETURN_TYPE = YES_ERROR;
				GCC_WARN_UNDECLARED_SELECTOR = YES;
				GCC_WARN_UNINITIALIZED_AUTOS = YES_AGGRESSIVE;
				GCC_WARN_UNUSED_FUNCTION = YES;
				GCC_WARN_UNUSED_VARIABLE = YES;
				IPHONEOS_DEPLOYMENT_TARGET = 10.0;
				MTL_ENABLE_DEBUG_INFO = NO;
				SDKROOT = iphoneos;
				TARGETED_DEVICE_FAMILY = "1,2";
				VALIDATE_PRODUCT = YES;
			};
			name = Release;
		};
		B756D2151DB1077200733354 /* Debug */ = {
			isa = XCBuildConfiguration;
			buildSettings = {
				ASSETCATALOG_COMPILER_APPICON_NAME = AppIcon;
				DEVELOPMENT_TEAM = 92RWFFQNR9;
				INFOPLIST_FILE = SDKTestApp/Info.plist;
				LD_RUNPATH_SEARCH_PATHS = "$(inherited) @executable_path/Frameworks";
				LIBRARY_SEARCH_PATHS = (
					"$(inherited)",
					"$(PROJECT_DIR)/SDKTestApp/ThirdParty/BEX_SDK",
				);
				OTHER_LDFLAGS = "-ObjC";
				PRODUCT_BUNDLE_IDENTIFIER = BKM.SDKTestApp;
				PRODUCT_NAME = "$(TARGET_NAME)";
			};
			name = Debug;
		};
		B756D2161DB1077200733354 /* Release */ = {
			isa = XCBuildConfiguration;
			buildSettings = {
				ASSETCATALOG_COMPILER_APPICON_NAME = AppIcon;
				DEVELOPMENT_TEAM = 92RWFFQNR9;
				INFOPLIST_FILE = SDKTestApp/Info.plist;
				LD_RUNPATH_SEARCH_PATHS = "$(inherited) @executable_path/Frameworks";
				LIBRARY_SEARCH_PATHS = (
					"$(inherited)",
					"$(PROJECT_DIR)/SDKTestApp/ThirdParty/BEX_SDK",
				);
				OTHER_LDFLAGS = "-ObjC";
				PRODUCT_BUNDLE_IDENTIFIER = BKM.SDKTestApp;
				PRODUCT_NAME = "$(TARGET_NAME)";
			};
			name = Release;
		};
/* End XCBuildConfiguration section */

/* Begin XCConfigurationList section */
		B756D1F81DB1077200733354 /* Build configuration list for PBXProject "SDKTestApp" */ = {
			isa = XCConfigurationList;
			buildConfigurations = (
				B756D2121DB1077200733354 /* Debug */,
				B756D2131DB1077200733354 /* Release */,
			);
			defaultConfigurationIsVisible = 0;
			defaultConfigurationName = Release;
		};
		B756D2141DB1077200733354 /* Build configuration list for PBXNativeTarget "SDKTestApp" */ = {
			isa = XCConfigurationList;
			buildConfigurations = (
				B756D2151DB1077200733354 /* Debug */,
				B756D2161DB1077200733354 /* Release */,
			);
			defaultConfigurationIsVisible = 0;
			defaultConfigurationName = Release;
		};
/* End XCConfigurationList section */
	};
	rootObject = B756D1F51DB1077200733354 /* Project object */;
}
