// !$*UTF8*$!
{
	archiveVersion = 1;
	classes = {
	};
	objectVersion = 46;
	objects = {

/* Begin PBXBuildFile section */
		B701C0DC1DFEA93F00823C1D /* main.m in Sources */ = {isa = PBXBuildFile; fileRef = B701C0DB1DFEA93F00823C1D /* main.m */; };
		B701C0DF1DFEA93F00823C1D /* AppDelegate.m in Sources */ = {isa = PBXBuildFile; fileRef = B701C0DE1DFEA93F00823C1D /* AppDelegate.m */; };
		B701C0E21DFEA93F00823C1D /* ViewController.m in Sources */ = {isa = PBXBuildFile; fileRef = B701C0E11DFEA93F00823C1D /* ViewController.m */; };
		B701C0E51DFEA93F00823C1D /* Main.storyboard in Resources */ = {isa = PBXBuildFile; fileRef = B701C0E31DFEA93F00823C1D /* Main.storyboard */; };
		B701C0E71DFEA93F00823C1D /* Assets.xcassets in Resources */ = {isa = PBXBuildFile; fileRef = B701C0E61DFEA93F00823C1D /* Assets.xcassets */; };
		B701C0EA1DFEA93F00823C1D /* LaunchScreen.storyboard in Resources */ = {isa = PBXBuildFile; fileRef = B701C0E81DFEA93F00823C1D /* LaunchScreen.storyboard */; };
		B76A4E341F8E0621004EFB76 /* BEX.bundle in Resources */ = {isa = PBXBuildFile; fileRef = B76A4E2F1F8E0620004EFB76 /* BEX.bundle */; };
		B76A4E351F8E0621004EFB76 /* libBKMExpressSDK.a in Frameworks */ = {isa = PBXBuildFile; fileRef = B76A4E331F8E0620004EFB76 /* libBKMExpressSDK.a */; };
/* End PBXBuildFile section */

/* Begin PBXFileReference section */
		B701C0D71DFEA93F00823C1D /* SDK_OBJC_SAMPLE.app */ = {isa = PBXFileReference; explicitFileType = wrapper.application; includeInIndex = 0; path = SDK_OBJC_SAMPLE.app; sourceTree = BUILT_PRODUCTS_DIR; };
		B701C0DB1DFEA93F00823C1D /* main.m */ = {isa = PBXFileReference; lastKnownFileType = sourcecode.c.objc; path = main.m; sourceTree = "<group>"; };
		B701C0DD1DFEA93F00823C1D /* AppDelegate.h */ = {isa = PBXFileReference; lastKnownFileType = sourcecode.c.h; path = AppDelegate.h; sourceTree = "<group>"; };
		B701C0DE1DFEA93F00823C1D /* AppDelegate.m */ = {isa = PBXFileReference; lastKnownFileType = sourcecode.c.objc; path = AppDelegate.m; sourceTree = "<group>"; };
		B701C0E01DFEA93F00823C1D /* ViewController.h */ = {isa = PBXFileReference; lastKnownFileType = sourcecode.c.h; path = ViewController.h; sourceTree = "<group>"; };
		B701C0E11DFEA93F00823C1D /* ViewController.m */ = {isa = PBXFileReference; lastKnownFileType = sourcecode.c.objc; path = ViewController.m; sourceTree = "<group>"; };
		B701C0E41DFEA93F00823C1D /* Base */ = {isa = PBXFileReference; lastKnownFileType = file.storyboard; name = Base; path = Base.lproj/Main.storyboard; sourceTree = "<group>"; };
		B701C0E61DFEA93F00823C1D /* Assets.xcassets */ = {isa = PBXFileReference; lastKnownFileType = folder.assetcatalog; path = Assets.xcassets; sourceTree = "<group>"; };
		B701C0E91DFEA93F00823C1D /* Base */ = {isa = PBXFileReference; lastKnownFileType = file.storyboard; name = Base; path = Base.lproj/LaunchScreen.storyboard; sourceTree = "<group>"; };
		B701C0EB1DFEA93F00823C1D /* Info.plist */ = {isa = PBXFileReference; lastKnownFileType = text.plist.xml; path = Info.plist; sourceTree = "<group>"; };
		B76A4E2F1F8E0620004EFB76 /* BEX.bundle */ = {isa = PBXFileReference; lastKnownFileType = "wrapper.plug-in"; path = BEX.bundle; sourceTree = "<group>"; };
		B76A4E311F8E0620004EFB76 /* BKMExpressPairViewController.h */ = {isa = PBXFileReference; fileEncoding = 4; lastKnownFileType = sourcecode.c.h; path = BKMExpressPairViewController.h; sourceTree = "<group>"; };
		B76A4E321F8E0620004EFB76 /* BKMExpressPaymentViewController.h */ = {isa = PBXFileReference; fileEncoding = 4; lastKnownFileType = sourcecode.c.h; path = BKMExpressPaymentViewController.h; sourceTree = "<group>"; };
		B76A4E331F8E0620004EFB76 /* libBKMExpressSDK.a */ = {isa = PBXFileReference; lastKnownFileType = archive.ar; path = libBKMExpressSDK.a; sourceTree = "<group>"; };
/* End PBXFileReference section */

/* Begin PBXFrameworksBuildPhase section */
		B701C0D41DFEA93F00823C1D /* Frameworks */ = {
			isa = PBXFrameworksBuildPhase;
			buildActionMask = 2147483647;
			files = (
				B76A4E351F8E0621004EFB76 /* libBKMExpressSDK.a in Frameworks */,
			);
			runOnlyForDeploymentPostprocessing = 0;
		};
/* End PBXFrameworksBuildPhase section */

/* Begin PBXGroup section */
		B701C0CE1DFEA93F00823C1D = {
			isa = PBXGroup;
			children = (
				B701C0D91DFEA93F00823C1D /* SDK_OBJC_SAMPLE */,
				B701C0D81DFEA93F00823C1D /* Products */,
			);
			sourceTree = "<group>";
		};
		B701C0D81DFEA93F00823C1D /* Products */ = {
			isa = PBXGroup;
			children = (
				B701C0D71DFEA93F00823C1D /* SDK_OBJC_SAMPLE.app */,
			);
			name = Products;
			sourceTree = "<group>";
		};
		B701C0D91DFEA93F00823C1D /* SDK_OBJC_SAMPLE */ = {
			isa = PBXGroup;
			children = (
				B701C0F11DFEA9E400823C1D /* ThirdParty */,
				B701C0DD1DFEA93F00823C1D /* AppDelegate.h */,
				B701C0DE1DFEA93F00823C1D /* AppDelegate.m */,
				B701C0E01DFEA93F00823C1D /* ViewController.h */,
				B701C0E11DFEA93F00823C1D /* ViewController.m */,
				B701C0E31DFEA93F00823C1D /* Main.storyboard */,
				B701C0E61DFEA93F00823C1D /* Assets.xcassets */,
				B701C0E81DFEA93F00823C1D /* LaunchScreen.storyboard */,
				B701C0EB1DFEA93F00823C1D /* Info.plist */,
				B701C0DA1DFEA93F00823C1D /* Supporting Files */,
			);
			path = SDK_OBJC_SAMPLE;
			sourceTree = "<group>";
		};
		B701C0DA1DFEA93F00823C1D /* Supporting Files */ = {
			isa = PBXGroup;
			children = (
				B701C0DB1DFEA93F00823C1D /* main.m */,
			);
			name = "Supporting Files";
			sourceTree = "<group>";
		};
		B701C0F11DFEA9E400823C1D /* ThirdParty */ = {
			isa = PBXGroup;
			children = (
				B76A4E2E1F8E0620004EFB76 /* BEX_SDK */,
			);
			path = ThirdParty;
			sourceTree = "<group>";
		};
		B76A4E2E1F8E0620004EFB76 /* BEX_SDK */ = {
			isa = PBXGroup;
			children = (
				B76A4E2F1F8E0620004EFB76 /* BEX.bundle */,
				B76A4E301F8E0620004EFB76 /* include */,
				B76A4E331F8E0620004EFB76 /* libBKMExpressSDK.a */,
			);
			path = BEX_SDK;
			sourceTree = "<group>";
		};
		B76A4E301F8E0620004EFB76 /* include */ = {
			isa = PBXGroup;
			children = (
				B76A4E311F8E0620004EFB76 /* BKMExpressPairViewController.h */,
				B76A4E321F8E0620004EFB76 /* BKMExpressPaymentViewController.h */,
			);
			path = include;
			sourceTree = "<group>";
		};
/* End PBXGroup section */

/* Begin PBXNativeTarget section */
		B701C0D61DFEA93F00823C1D /* SDK_OBJC_SAMPLE */ = {
			isa = PBXNativeTarget;
			buildConfigurationList = B701C0EE1DFEA93F00823C1D /* Build configuration list for PBXNativeTarget "SDK_OBJC_SAMPLE" */;
			buildPhases = (
				B701C0D31DFEA93F00823C1D /* Sources */,
				B701C0D41DFEA93F00823C1D /* Frameworks */,
				B701C0D51DFEA93F00823C1D /* Resources */,
			);
			buildRules = (
			);
			dependencies = (
			);
			name = SDK_OBJC_SAMPLE;
			productName = SDK_OBJC_SAMPLE;
			productReference = B701C0D71DFEA93F00823C1D /* SDK_OBJC_SAMPLE.app */;
			productType = "com.apple.product-type.application";
		};
/* End PBXNativeTarget section */

/* Begin PBXProject section */
		B701C0CF1DFEA93F00823C1D /* Project object */ = {
			isa = PBXProject;
			attributes = {
				LastUpgradeCheck = 0810;
				ORGANIZATIONNAME = "Kadir Guzel";
				TargetAttributes = {
					B701C0D61DFEA93F00823C1D = {
						CreatedOnToolsVersion = 8.1;
						DevelopmentTeam = 92RWFFQNR9;
						ProvisioningStyle = Automatic;
					};
				};
			};
			buildConfigurationList = B701C0D21DFEA93F00823C1D /* Build configuration list for PBXProject "SDK_OBJC_SAMPLE" */;
			compatibilityVersion = "Xcode 3.2";
			developmentRegion = English;
			hasScannedForEncodings = 0;
			knownRegions = (
				en,
				Base,
			);
			mainGroup = B701C0CE1DFEA93F00823C1D;
			productRefGroup = B701C0D81DFEA93F00823C1D /* Products */;
			projectDirPath = "";
			projectRoot = "";
			targets = (
				B701C0D61DFEA93F00823C1D /* SDK_OBJC_SAMPLE */,
			);
		};
/* End PBXProject section */

/* Begin PBXResourcesBuildPhase section */
		B701C0D51DFEA93F00823C1D /* Resources */ = {
			isa = PBXResourcesBuildPhase;
			buildActionMask = 2147483647;
			files = (
				B701C0EA1DFEA93F00823C1D /* LaunchScreen.storyboard in Resources */,
				B76A4E341F8E0621004EFB76 /* BEX.bundle in Resources */,
				B701C0E71DFEA93F00823C1D /* Assets.xcassets in Resources */,
				B701C0E51DFEA93F00823C1D /* Main.storyboard in Resources */,
			);
			runOnlyForDeploymentPostprocessing = 0;
		};
/* End PBXResourcesBuildPhase section */

/* Begin PBXSourcesBuildPhase section */
		B701C0D31DFEA93F00823C1D /* Sources */ = {
			isa = PBXSourcesBuildPhase;
			buildActionMask = 2147483647;
			files = (
				B701C0E21DFEA93F00823C1D /* ViewController.m in Sources */,
				B701C0DF1DFEA93F00823C1D /* AppDelegate.m in Sources */,
				B701C0DC1DFEA93F00823C1D /* main.m in Sources */,
			);
			runOnlyForDeploymentPostprocessing = 0;
		};
/* End PBXSourcesBuildPhase section */

/* Begin PBXVariantGroup section */
		B701C0E31DFEA93F00823C1D /* Main.storyboard */ = {
			isa = PBXVariantGroup;
			children = (
				B701C0E41DFEA93F00823C1D /* Base */,
			);
			name = Main.storyboard;
			sourceTree = "<group>";
		};
		B701C0E81DFEA93F00823C1D /* LaunchScreen.storyboard */ = {
			isa = PBXVariantGroup;
			children = (
				B701C0E91DFEA93F00823C1D /* Base */,
			);
			name = LaunchScreen.storyboard;
			sourceTree = "<group>";
		};
/* End PBXVariantGroup section */

/* Begin XCBuildConfiguration section */
		B701C0EC1DFEA93F00823C1D /* Debug */ = {
			isa = XCBuildConfiguration;
			buildSettings = {
				ALWAYS_SEARCH_USER_PATHS = NO;
				CLANG_ANALYZER_NONNULL = YES;
				CLANG_CXX_LANGUAGE_STANDARD = "gnu++0x";
				CLANG_CXX_LIBRARY = "libc++";
				CLANG_ENABLE_MODULES = YES;
				CLANG_ENABLE_OBJC_ARC = YES;
				CLANG_WARN_BOOL_CONVERSION = YES;
				CLANG_WARN_CONSTANT_CONVERSION = YES;
				CLANG_WARN_DIRECT_OBJC_ISA_USAGE = YES_ERROR;
				CLANG_WARN_DOCUMENTATION_COMMENTS = YES;
				CLANG_WARN_EMPTY_BODY = YES;
				CLANG_WARN_ENUM_CONVERSION = YES;
				CLANG_WARN_INFINITE_RECURSION = YES;
				CLANG_WARN_INT_CONVERSION = YES;
				CLANG_WARN_OBJC_ROOT_CLASS = YES_ERROR;
				CLANG_WARN_SUSPICIOUS_MOVES = YES;
				CLANG_WARN_UNREACHABLE_CODE = YES;
				CLANG_WARN__DUPLICATE_METHOD_MATCH = YES;
				"CODE_SIGN_IDENTITY[sdk=iphoneos*]" = "iPhone Developer";
				COPY_PHASE_STRIP = NO;
				DEBUG_INFORMATION_FORMAT = dwarf;
				ENABLE_STRICT_OBJC_MSGSEND = YES;
				ENABLE_TESTABILITY = YES;
				GCC_C_LANGUAGE_STANDARD = gnu99;
				GCC_DYNAMIC_NO_PIC = NO;
				GCC_NO_COMMON_BLOCKS = YES;
				GCC_OPTIMIZATION_LEVEL = 0;
				GCC_PREPROCESSOR_DEFINITIONS = (
					"DEBUG=1",
					"$(inherited)",
				);
				GCC_WARN_64_TO_32_BIT_CONVERSION = YES;
				GCC_WARN_ABOUT_RETURN_TYPE = YES_ERROR;
				GCC_WARN_UNDECLARED_SELECTOR = YES;
				GCC_WARN_UNINITIALIZED_AUTOS = YES_AGGRESSIVE;
				GCC_WARN_UNUSED_FUNCTION = YES;
				GCC_WARN_UNUSED_VARIABLE = YES;
				IPHONEOS_DEPLOYMENT_TARGET = 10.1;
				MTL_ENABLE_DEBUG_INFO = YES;
				ONLY_ACTIVE_ARCH = YES;
				SDKROOT = iphoneos;
			};
			name = Debug;
		};
		B701C0ED1DFEA93F00823C1D /* Release */ = {
			isa = XCBuildConfiguration;
			buildSettings = {
				ALWAYS_SEARCH_USER_PATHS = NO;
				CLANG_ANALYZER_NONNULL = YES;
				CLANG_CXX_LANGUAGE_STANDARD = "gnu++0x";
				CLANG_CXX_LIBRARY = "libc++";
				CLANG_ENABLE_MODULES = YES;
				CLANG_ENABLE_OBJC_ARC = YES;
				CLANG_WARN_BOOL_CONVERSION = YES;
				CLANG_WARN_CONSTANT_CONVERSION = YES;
				CLANG_WARN_DIRECT_OBJC_ISA_USAGE = YES_ERROR;
				CLANG_WARN_DOCUMENTATION_COMMENTS = YES;
				CLANG_WARN_EMPTY_BODY = YES;
				CLANG_WARN_ENUM_CONVERSION = YES;
				CLANG_WARN_INFINITE_RECURSION = YES;
				CLANG_WARN_INT_CONVERSION = YES;
				CLANG_WARN_OBJC_ROOT_CLASS = YES_ERROR;
				CLANG_WARN_SUSPICIOUS_MOVES = YES;
				CLANG_WARN_UNREACHABLE_CODE = YES;
				CLANG_WARN__DUPLICATE_METHOD_MATCH = YES;
				"CODE_SIGN_IDENTITY[sdk=iphoneos*]" = "iPhone Developer";
				COPY_PHASE_STRIP = NO;
				DEBUG_INFORMATION_FORMAT = "dwarf-with-dsym";
				ENABLE_NS_ASSERTIONS = NO;
				ENABLE_STRICT_OBJC_MSGSEND = YES;
				GCC_C_LANGUAGE_STANDARD = gnu99;
				GCC_NO_COMMON_BLOCKS = YES;
				GCC_WARN_64_TO_32_BIT_CONVERSION = YES;
				GCC_WARN_ABOUT_RETURN_TYPE = YES_ERROR;
				GCC_WARN_UNDECLARED_SELECTOR = YES;
				GCC_WARN_UNINITIALIZED_AUTOS = YES_AGGRESSIVE;
				GCC_WARN_UNUSED_FUNCTION = YES;
				GCC_WARN_UNUSED_VARIABLE = YES;
				IPHONEOS_DEPLOYMENT_TARGET = 10.1;
				MTL_ENABLE_DEBUG_INFO = NO;
				SDKROOT = iphoneos;
				VALIDATE_PRODUCT = YES;
			};
			name = Release;
		};
		B701C0EF1DFEA93F00823C1D /* Debug */ = {
			isa = XCBuildConfiguration;
			buildSettings = {
				ASSETCATALOG_COMPILER_APPICON_NAME = AppIcon;
				DEVELOPMENT_TEAM = 92RWFFQNR9;
				INFOPLIST_FILE = SDK_OBJC_SAMPLE/Info.plist;
				LD_RUNPATH_SEARCH_PATHS = "$(inherited) @executable_path/Frameworks";
				LIBRARY_SEARCH_PATHS = (
					"$(inherited)",
					"$(PROJECT_DIR)/SDK_OBJC_SAMPLE/ThirdParty/BEX_SDK",
				);
				OTHER_LDFLAGS = "-ObjC";
				PRODUCT_BUNDLE_IDENTIFIER = "BKM.SDK-OBJC-SAMPLE";
				PRODUCT_NAME = "$(TARGET_NAME)";
			};
			name = Debug;
		};
		B701C0F01DFEA93F00823C1D /* Release */ = {
			isa = XCBuildConfiguration;
			buildSettings = {
				ASSETCATALOG_COMPILER_APPICON_NAME = AppIcon;
				DEVELOPMENT_TEAM = 92RWFFQNR9;
				INFOPLIST_FILE = SDK_OBJC_SAMPLE/Info.plist;
				LD_RUNPATH_SEARCH_PATHS = "$(inherited) @executable_path/Frameworks";
				LIBRARY_SEARCH_PATHS = (
					"$(inherited)",
					"$(PROJECT_DIR)/SDK_OBJC_SAMPLE/ThirdParty/BEX_SDK",
				);
				OTHER_LDFLAGS = "-ObjC";
				PRODUCT_BUNDLE_IDENTIFIER = "BKM.SDK-OBJC-SAMPLE";
				PRODUCT_NAME = "$(TARGET_NAME)";
			};
			name = Release;
		};
/* End XCBuildConfiguration section */

/* Begin XCConfigurationList section */
		B701C0D21DFEA93F00823C1D /* Build configuration list for PBXProject "SDK_OBJC_SAMPLE" */ = {
			isa = XCConfigurationList;
			buildConfigurations = (
				B701C0EC1DFEA93F00823C1D /* Debug */,
				B701C0ED1DFEA93F00823C1D /* Release */,
			);
			defaultConfigurationIsVisible = 0;
			defaultConfigurationName = Release;
		};
		B701C0EE1DFEA93F00823C1D /* Build configuration list for PBXNativeTarget "SDK_OBJC_SAMPLE" */ = {
			isa = XCConfigurationList;
			buildConfigurations = (
				B701C0EF1DFEA93F00823C1D /* Debug */,
				B701C0F01DFEA93F00823C1D /* Release */,
			);
			defaultConfigurationIsVisible = 0;
			defaultConfigurationName = Release;
		};
/* End XCConfigurationList section */
	};
	rootObject = B701C0CF1DFEA93F00823C1D /* Project object */;
}
